// !$*UTF8*$!
{
	archiveVersion = 1;
	classes = {
	};
	objectVersion = 48;
	objects = {

/* Begin PBXBuildFile section */
		5F61BB24DEFEFC325A36B56D /* Pods_MicrosoftDemo.framework in Frameworks */ = {isa = PBXBuildFile; fileRef = 295EE038194330CC6EDEFEB5 /* Pods_MicrosoftDemo.framework */; };
		964225AD2057A47C00153E06 /* TestViewController01.swift in Sources */ = {isa = PBXBuildFile; fileRef = 964225AC2057A47C00153E06 /* TestViewController01.swift */; };
		96D518CE204EA01000FA23E6 /* AppDelegate.swift in Sources */ = {isa = PBXBuildFile; fileRef = 96D518CD204EA01000FA23E6 /* AppDelegate.swift */; };
		96D518D0204EA01000FA23E6 /* ViewController.swift in Sources */ = {isa = PBXBuildFile; fileRef = 96D518CF204EA01000FA23E6 /* ViewController.swift */; };
		96D518D3204EA01000FA23E6 /* Main.storyboard in Resources */ = {isa = PBXBuildFile; fileRef = 96D518D1204EA01000FA23E6 /* Main.storyboard */; };
		96D518D5204EA01000FA23E6 /* Assets.xcassets in Resources */ = {isa = PBXBuildFile; fileRef = 96D518D4204EA01000FA23E6 /* Assets.xcassets */; };
		96D518D8204EA01000FA23E6 /* LaunchScreen.storyboard in Resources */ = {isa = PBXBuildFile; fileRef = 96D518D6204EA01000FA23E6 /* LaunchScreen.storyboard */; };
		96D518E1204EA03E00FA23E6 /* TestViewController00.swift in Sources */ = {isa = PBXBuildFile; fileRef = 96D518DF204EA03E00FA23E6 /* TestViewController00.swift */; };
/* End PBXBuildFile section */

/* Begin PBXFileReference section */
		295EE038194330CC6EDEFEB5 /* Pods_MicrosoftDemo.framework */ = {isa = PBXFileReference; explicitFileType = wrapper.framework; includeInIndex = 0; path = Pods_MicrosoftDemo.framework; sourceTree = BUILT_PRODUCTS_DIR; };
		964225AC2057A47C00153E06 /* TestViewController01.swift */ = {isa = PBXFileReference; lastKnownFileType = sourcecode.swift; path = TestViewController01.swift; sourceTree = "<group>"; };
		96D518CA204EA01000FA23E6 /* MicrosoftDemo.app */ = {isa = PBXFileReference; explicitFileType = wrapper.application; includeInIndex = 0; path = MicrosoftDemo.app; sourceTree = BUILT_PRODUCTS_DIR; };
		96D518CD204EA01000FA23E6 /* AppDelegate.swift */ = {isa = PBXFileReference; lastKnownFileType = sourcecode.swift; path = AppDelegate.swift; sourceTree = "<group>"; };
		96D518CF204EA01000FA23E6 /* ViewController.swift */ = {isa = PBXFileReference; lastKnownFileType = sourcecode.swift; path = ViewController.swift; sourceTree = "<group>"; };
		96D518D2204EA01000FA23E6 /* Base */ = {isa = PBXFileReference; lastKnownFileType = file.storyboard; name = Base; path = Base.lproj/Main.storyboard; sourceTree = "<group>"; };
		96D518D4204EA01000FA23E6 /* Assets.xcassets */ = {isa = PBXFileReference; lastKnownFileType = folder.assetcatalog; path = Assets.xcassets; sourceTree = "<group>"; };
		96D518D7204EA01000FA23E6 /* Base */ = {isa = PBXFileReference; lastKnownFileType = file.storyboard; name = Base; path = Base.lproj/LaunchScreen.storyboard; sourceTree = "<group>"; };
		96D518D9204EA01000FA23E6 /* Info.plist */ = {isa = PBXFileReference; lastKnownFileType = text.plist.xml; path = Info.plist; sourceTree = "<group>"; };
		96D518DF204EA03E00FA23E6 /* TestViewController00.swift */ = {isa = PBXFileReference; lastKnownFileType = sourcecode.swift; path = TestViewController00.swift; sourceTree = "<group>"; };
		96D518E3204EA20300FA23E6 /* MicrosoftDemo-Bridging-Header.h */ = {isa = PBXFileReference; lastKnownFileType = sourcecode.c.h; path = "MicrosoftDemo-Bridging-Header.h"; sourceTree = "<group>"; };
		BB8860B56B94DDFC97E115E6 /* Pods-MicrosoftDemo.release.xcconfig */ = {isa = PBXFileReference; includeInIndex = 1; lastKnownFileType = text.xcconfig; name = "Pods-MicrosoftDemo.release.xcconfig"; path = "Pods/Target Support Files/Pods-MicrosoftDemo/Pods-MicrosoftDemo.release.xcconfig"; sourceTree = "<group>"; };
		EEEFAD70BE3DAEA044050B2E /* Pods-MicrosoftDemo.debug.xcconfig */ = {isa = PBXFileReference; includeInIndex = 1; lastKnownFileType = text.xcconfig; name = "Pods-MicrosoftDemo.debug.xcconfig"; path = "Pods/Target Support Files/Pods-MicrosoftDemo/Pods-MicrosoftDemo.debug.xcconfig"; sourceTree = "<group>"; };
/* End PBXFileReference section */

/* Begin PBXFrameworksBuildPhase section */
		96D518C7204EA01000FA23E6 /* Frameworks */ = {
			isa = PBXFrameworksBuildPhase;
			buildActionMask = 2147483647;
			files = (
				5F61BB24DEFEFC325A36B56D /* Pods_MicrosoftDemo.framework in Frameworks */,
			);
			runOnlyForDeploymentPostprocessing = 0;
		};
/* End PBXFrameworksBuildPhase section */

/* Begin PBXGroup section */
		050D1D8E6BE3160CAB720104 /* Frameworks */ = {
			isa = PBXGroup;
			children = (
				295EE038194330CC6EDEFEB5 /* Pods_MicrosoftDemo.framework */,
			);
			name = Frameworks;
			sourceTree = "<group>";
		};
		1596C79923FDCABBE64C466C /* Pods */ = {
			isa = PBXGroup;
			children = (
				EEEFAD70BE3DAEA044050B2E /* Pods-MicrosoftDemo.debug.xcconfig */,
				BB8860B56B94DDFC97E115E6 /* Pods-MicrosoftDemo.release.xcconfig */,
			);
			name = Pods;
			sourceTree = "<group>";
		};
		96D518C1204EA01000FA23E6 = {
			isa = PBXGroup;
			children = (
				96D518CC204EA01000FA23E6 /* MicrosoftDemo */,
				96D518CB204EA01000FA23E6 /* Products */,
				1596C79923FDCABBE64C466C /* Pods */,
				050D1D8E6BE3160CAB720104 /* Frameworks */,
			);
			sourceTree = "<group>";
		};
		96D518CB204EA01000FA23E6 /* Products */ = {
			isa = PBXGroup;
			children = (
				96D518CA204EA01000FA23E6 /* MicrosoftDemo.app */,
			);
			name = Products;
			sourceTree = "<group>";
		};
		96D518CC204EA01000FA23E6 /* MicrosoftDemo */ = {
			isa = PBXGroup;
			children = (
				96D518CD204EA01000FA23E6 /* AppDelegate.swift */,
				96D518CF204EA01000FA23E6 /* ViewController.swift */,
				96D518D1204EA01000FA23E6 /* Main.storyboard */,
				96D518D4204EA01000FA23E6 /* Assets.xcassets */,
				96D518D6204EA01000FA23E6 /* LaunchScreen.storyboard */,
				96D518D9204EA01000FA23E6 /* Info.plist */,
				96D518E3204EA20300FA23E6 /* MicrosoftDemo-Bridging-Header.h */,
				96D518DF204EA03E00FA23E6 /* TestViewController00.swift */,
				964225AC2057A47C00153E06 /* TestViewController01.swift */,
			);
			path = MicrosoftDemo;
			sourceTree = "<group>";
		};
/* End PBXGroup section */

/* Begin PBXNativeTarget section */
		96D518C9204EA01000FA23E6 /* MicrosoftDemo */ = {
			isa = PBXNativeTarget;
			buildConfigurationList = 96D518DC204EA01000FA23E6 /* Build configuration list for PBXNativeTarget "MicrosoftDemo" */;
			buildPhases = (
				55ED12A1BBDE4D713BC1C457 /* [CP] Check Pods Manifest.lock */,
				96D518C6204EA01000FA23E6 /* Sources */,
				96D518C7204EA01000FA23E6 /* Frameworks */,
				96D518C8204EA01000FA23E6 /* Resources */,
				A3703DED67DFD9F9F668C168 /* [CP] Embed Pods Frameworks */,
				CAE832B2F4E3CB3EBB1A0D62 /* [CP] Copy Pods Resources */,
			);
			buildRules = (
			);
			dependencies = (
			);
			name = MicrosoftDemo;
			productName = MicrosoftDemo;
			productReference = 96D518CA204EA01000FA23E6 /* MicrosoftDemo.app */;
			productType = "com.apple.product-type.application";
		};
/* End PBXNativeTarget section */

/* Begin PBXProject section */
		96D518C2204EA01000FA23E6 /* Project object */ = {
			isa = PBXProject;
			attributes = {
				LastSwiftUpdateCheck = 0920;
				LastUpgradeCheck = 0920;
				ORGANIZATIONNAME = Wicrenet_Jason;
				TargetAttributes = {
					96D518C9204EA01000FA23E6 = {
						CreatedOnToolsVersion = 9.2;
						LastSwiftMigration = 0920;
						ProvisioningStyle = Automatic;
					};
				};
			};
			buildConfigurationList = 96D518C5204EA01000FA23E6 /* Build configuration list for PBXProject "MicrosoftDemo" */;
			compatibilityVersion = "Xcode 8.0";
			developmentRegion = en;
			hasScannedForEncodings = 0;
			knownRegions = (
				en,
				Base,
			);
			mainGroup = 96D518C1204EA01000FA23E6;
			productRefGroup = 96D518CB204EA01000FA23E6 /* Products */;
			projectDirPath = "";
			projectRoot = "";
			targets = (
				96D518C9204EA01000FA23E6 /* MicrosoftDemo */,
			);
		};
/* End PBXProject section */

/* Begin PBXResourcesBuildPhase section */
		96D518C8204EA01000FA23E6 /* Resources */ = {
			isa = PBXResourcesBuildPhase;
			buildActionMask = 2147483647;
			files = (
				96D518D8204EA01000FA23E6 /* LaunchScreen.storyboard in Resources */,
				96D518D5204EA01000FA23E6 /* Assets.xcassets in Resources */,
				96D518D3204EA01000FA23E6 /* Main.storyboard in Resources */,
			);
			runOnlyForDeploymentPostprocessing = 0;
		};
/* End PBXResourcesBuildPhase section */

/* Begin PBXShellScriptBuildPhase section */
		55ED12A1BBDE4D713BC1C457 /* [CP] Check Pods Manifest.lock */ = {
			isa = PBXShellScriptBuildPhase;
			buildActionMask = 2147483647;
			files = (
			);
			inputPaths = (
			);
			name = "[CP] Check Pods Manifest.lock";
			outputPaths = (
			);
			runOnlyForDeploymentPostprocessing = 0;
			shellPath = /bin/sh;
			shellScript = "diff \"${PODS_ROOT}/../Podfile.lock\" \"${PODS_ROOT}/Manifest.lock\" > /dev/null\nif [ $? != 0 ] ; then\n    # print error to STDERR\n    echo \"error: The sandbox is not in sync with the Podfile.lock. Run 'pod install' or update your CocoaPods installation.\" >&2\n    exit 1\nfi\n";
			showEnvVarsInLog = 0;
		};
		A3703DED67DFD9F9F668C168 /* [CP] Embed Pods Frameworks */ = {
			isa = PBXShellScriptBuildPhase;
			buildActionMask = 2147483647;
			files = (
			);
			inputPaths = (
			);
			name = "[CP] Embed Pods Frameworks";
			outputPaths = (
			);
			runOnlyForDeploymentPostprocessing = 0;
			shellPath = /bin/sh;
			shellScript = "\"${SRCROOT}/Pods/Target Support Files/Pods-MicrosoftDemo/Pods-MicrosoftDemo-frameworks.sh\"\n";
			showEnvVarsInLog = 0;
		};
		CAE832B2F4E3CB3EBB1A0D62 /* [CP] Copy Pods Resources */ = {
			isa = PBXShellScriptBuildPhase;
			buildActionMask = 2147483647;
			files = (
			);
			inputPaths = (
			);
			name = "[CP] Copy Pods Resources";
			outputPaths = (
			);
			runOnlyForDeploymentPostprocessing = 0;
			shellPath = /bin/sh;
			shellScript = "\"${SRCROOT}/Pods/Target Support Files/Pods-MicrosoftDemo/Pods-MicrosoftDemo-resources.sh\"\n";
			showEnvVarsInLog = 0;
		};
/* End PBXShellScriptBuildPhase section */

/* Begin PBXSourcesBuildPhase section */
		96D518C6204EA01000FA23E6 /* Sources */ = {
			isa = PBXSourcesBuildPhase;
			buildActionMask = 2147483647;
			files = (
				96D518D0204EA01000FA23E6 /* ViewController.swift in Sources */,
				96D518E1204EA03E00FA23E6 /* TestViewController00.swift in Sources */,
				96D518CE204EA01000FA23E6 /* AppDelegate.swift in Sources */,
				964225AD2057A47C00153E06 /* TestViewController01.swift in Sources */,
			);
			runOnlyForDeploymentPostprocessing = 0;
		};
/* End PBXSourcesBuildPhase section */

/* Begin PBXVariantGroup section */
		96D518D1204EA01000FA23E6 /* Main.storyboard */ = {
			isa = PBXVariantGroup;
			children = (
				96D518D2204EA01000FA23E6 /* Base */,
			);
			name = Main.storyboard;
			sourceTree = "<group>";
		};
		96D518D6204EA01000FA23E6 /* LaunchScreen.storyboard */ = {
			isa = PBXVariantGroup;
			children = (
				96D518D7204EA01000FA23E6 /* Base */,
			);
			name = LaunchScreen.storyboard;
			sourceTree = "<group>";
		};
/* End PBXVariantGroup section */

/* Begin XCBuildConfiguration section */
		96D518DA204EA01000FA23E6 /* Debug */ = {
			isa = XCBuildConfiguration;
			buildSettings = {
				ALWAYS_SEARCH_USER_PATHS = NO;
				CLANG_ANALYZER_NONNULL = YES;
				CLANG_ANALYZER_NUMBER_OBJECT_CONVERSION = YES_AGGRESSIVE;
				CLANG_CXX_LANGUAGE_STANDARD = "gnu++14";
				CLANG_CXX_LIBRARY = "libc++";
				CLANG_ENABLE_MODULES = YES;
				CLANG_ENABLE_OBJC_ARC = YES;
				CLANG_WARN_BLOCK_CAPTURE_AUTORELEASING = YES;
				CLANG_WARN_BOOL_CONVERSION = YES;
				CLANG_WARN_COMMA = YES;
				CLANG_WARN_CONSTANT_CONVERSION = YES;
				CLANG_WARN_DIRECT_OBJC_ISA_USAGE = YES_ERROR;
				CLANG_WARN_DOCUMENTATION_COMMENTS = YES;
				CLANG_WARN_EMPTY_BODY = YES;
				CLANG_WARN_ENUM_CONVERSION = YES;
				CLANG_WARN_INFINITE_RECURSION = YES;
				CLANG_WARN_INT_CONVERSION = YES;
				CLANG_WARN_NON_LITERAL_NULL_CONVERSION = YES;
				CLANG_WARN_OBJC_LITERAL_CONVERSION = YES;
				CLANG_WARN_OBJC_ROOT_CLASS = YES_ERROR;
				CLANG_WARN_RANGE_LOOP_ANALYSIS = YES;
				CLANG_WARN_STRICT_PROTOTYPES = YES;
				CLANG_WARN_SUSPICIOUS_MOVE = YES;
				CLANG_WARN_UNGUARDED_AVAILABILITY = YES_AGGRESSIVE;
				CLANG_WARN_UNREACHABLE_CODE = YES;
				CLANG_WARN__DUPLICATE_METHOD_MATCH = YES;
				CODE_SIGN_IDENTITY = "iPhone Developer";
				COPY_PHASE_STRIP = NO;
				DEBUG_INFORMATION_FORMAT = dwarf;
				ENABLE_STRICT_OBJC_MSGSEND = YES;
				ENABLE_TESTABILITY = YES;
				GCC_C_LANGUAGE_STANDARD = gnu11;
				GCC_DYNAMIC_NO_PIC = NO;
				GCC_NO_COMMON_BLOCKS = YES;
				GCC_OPTIMIZATION_LEVEL = 0;
				GCC_PREPROCESSOR_DEFINITIONS = (
					"DEBUG=1",
					"$(inherited)",
				);
				GCC_WARN_64_TO_32_BIT_CONVERSION = YES;
				GCC_WARN_ABOUT_RETURN_TYPE = YES_ERROR;
				GCC_WARN_UNDECLARED_SELECTOR = YES;
				GCC_WARN_UNINITIALIZED_AUTOS = YES_AGGRESSIVE;
				GCC_WARN_UNUSED_FUNCTION = YES;
				GCC_WARN_UNUSED_VARIABLE = YES;
				IPHONEOS_DEPLOYMENT_TARGET = 11.2;
				MTL_ENABLE_DEBUG_INFO = YES;
				ONLY_ACTIVE_ARCH = YES;
				SDKROOT = iphoneos;
				SWIFT_ACTIVE_COMPILATION_CONDITIONS = DEBUG;
				SWIFT_OPTIMIZATION_LEVEL = "-Onone";
			};
			name = Debug;
		};
		96D518DB204EA01000FA23E6 /* Release */ = {
			isa = XCBuildConfiguration;
			buildSettings = {
				ALWAYS_SEARCH_USER_PATHS = NO;
				CLANG_ANALYZER_NONNULL = YES;
				CLANG_ANALYZER_NUMBER_OBJECT_CONVERSION = YES_AGGRESSIVE;
				CLANG_CXX_LANGUAGE_STANDARD = "gnu++14";
				CLANG_CXX_LIBRARY = "libc++";
				CLANG_ENABLE_MODULES = YES;
				CLANG_ENABLE_OBJC_ARC = YES;
				CLANG_WARN_BLOCK_CAPTURE_AUTORELEASING = YES;
				CLANG_WARN_BOOL_CONVERSION = YES;
				CLANG_WARN_COMMA = YES;
				CLANG_WARN_CONSTANT_CONVERSION = YES;
				CLANG_WARN_DIRECT_OBJC_ISA_USAGE = YES_ERROR;
				CLANG_WARN_DOCUMENTATION_COMMENTS = YES;
				CLANG_WARN_EMPTY_BODY = YES;
				CLANG_WARN_ENUM_CONVERSION = YES;
				CLANG_WARN_INFINITE_RECURSION = YES;
				CLANG_WARN_INT_CONVERSION = YES;
				CLANG_WARN_NON_LITERAL_NULL_CONVERSION = YES;
				CLANG_WARN_OBJC_LITERAL_CONVERSION = YES;
				CLANG_WARN_OBJC_ROOT_CLASS = YES_ERROR;
				CLANG_WARN_RANGE_LOOP_ANALYSIS = YES;
				CLANG_WARN_STRICT_PROTOTYPES = YES;
				CLANG_WARN_SUSPICIOUS_MOVE = YES;
				CLANG_WARN_UNGUARDED_AVAILABILITY = YES_AGGRESSIVE;
				CLANG_WARN_UNREACHABLE_CODE = YES;
				CLANG_WARN__DUPLICATE_METHOD_MATCH = YES;
				CODE_SIGN_IDENTITY = "iPhone Developer";
				COPY_PHASE_STRIP = NO;
				DEBUG_INFORMATION_FORMAT = "dwarf-with-dsym";
				ENABLE_NS_ASSERTIONS = NO;
				ENABLE_STRICT_OBJC_MSGSEND = YES;
				GCC_C_LANGUAGE_STANDARD = gnu11;
				GCC_NO_COMMON_BLOCKS = YES;
				GCC_WARN_64_TO_32_BIT_CONVERSION = YES;
				GCC_WARN_ABOUT_RETURN_TYPE = YES_ERROR;
				GCC_WARN_UNDECLARED_SELECTOR = YES;
				GCC_WARN_UNINITIALIZED_AUTOS = YES_AGGRESSIVE;
				GCC_WARN_UNUSED_FUNCTION = YES;
				GCC_WARN_UNUSED_VARIABLE = YES;
				IPHONEOS_DEPLOYMENT_TARGET = 11.2;
				MTL_ENABLE_DEBUG_INFO = NO;
				SDKROOT = iphoneos;
				SWIFT_OPTIMIZATION_LEVEL = "-Owholemodule";
				VALIDATE_PRODUCT = YES;
			};
			name = Release;
		};
		96D518DD204EA01000FA23E6 /* Debug */ = {
			isa = XCBuildConfiguration;
			baseConfigurationReference = EEEFAD70BE3DAEA044050B2E /* Pods-MicrosoftDemo.debug.xcconfig */;
			buildSettings = {
				ASSETCATALOG_COMPILER_APPICON_NAME = AppIcon;
				CLANG_ENABLE_MODULES = YES;
				CODE_SIGN_STYLE = Automatic;
				DEVELOPMENT_TEAM = C6H97AN73G;
				INFOPLIST_FILE = MicrosoftDemo/Info.plist;
				LD_RUNPATH_SEARCH_PATHS = "$(inherited) @executable_path/Frameworks";
				PRODUCT_BUNDLE_IDENTIFIER = com.wicrenet.ARTest;
				PRODUCT_NAME = "$(TARGET_NAME)";
				SWIFT_OBJC_BRIDGING_HEADER = "MicrosoftDemo/MicrosoftDemo-Bridging-Header.h";
				SWIFT_OPTIMIZATION_LEVEL = "-Onone";
				SWIFT_VERSION = 3.0;
				TARGETED_DEVICE_FAMILY = 1;
			};
			name = Debug;
		};
		96D518DE204EA01000FA23E6 /* Release */ = {
			isa = XCBuildConfiguration;
			baseConfigurationReference = BB8860B56B94DDFC97E115E6 /* Pods-MicrosoftDemo.release.xcconfig */;
			buildSettings = {
				ASSETCATALOG_COMPILER_APPICON_NAME = AppIcon;
				CLANG_ENABLE_MODULES = YES;
				CODE_SIGN_STYLE = Automatic;
				DEVELOPMENT_TEAM = C6H97AN73G;
				INFOPLIST_FILE = MicrosoftDemo/Info.plist;
				LD_RUNPATH_SEARCH_PATHS = "$(inherited) @executable_path/Frameworks";
				PRODUCT_BUNDLE_IDENTIFIER = com.wicrenet.ARTest;
				PRODUCT_NAME = "$(TARGET_NAME)";
				SWIFT_OBJC_BRIDGING_HEADER = "MicrosoftDemo/MicrosoftDemo-Bridging-Header.h";
				SWIFT_VERSION = 3.0;
				TARGETED_DEVICE_FAMILY = 1;
			};
			name = Release;
		};
/* End XCBuildConfiguration section */

/* Begin XCConfigurationList section */
		96D518C5204EA01000FA23E6 /* Build configuration list for PBXProject "MicrosoftDemo" */ = {
			isa = XCConfigurationList;
			buildConfigurations = (
				96D518DA204EA01000FA23E6 /* Debug */,
				96D518DB204EA01000FA23E6 /* Release */,
			);
			defaultConfigurationIsVisible = 0;
			defaultConfigurationName = Release;
		};
		96D518DC204EA01000FA23E6 /* Build configuration list for PBXNativeTarget "MicrosoftDemo" */ = {
			isa = XCConfigurationList;
			buildConfigurations = (
				96D518DD204EA01000FA23E6 /* Debug */,
				96D518DE204EA01000FA23E6 /* Release */,
			);
			defaultConfigurationIsVisible = 0;
			defaultConfigurationName = Release;
		};
/* End XCConfigurationList section */
	};
	rootObject = 96D518C2204EA01000FA23E6 /* Project object */;
}
